
Microsoft Visual Studio Solution File, Format Version 12.00
# Visual Studio Version 17
VisualStudioVersion = 17.3.32611.2
MinimumVisualStudioVersion = 10.0.40219.1
Project("{9A19103F-16F7-4668-BE54-9A1E7A4F7556}") = "ChallengeApp", "ChallengeApp.csproj", "{0C81E792-6F48-4E8B-99E1-81B534DA674F}"
EndProject
Global
	GlobalSection(SolutionConfigurationPlatforms) = preSolution
		Debug|Any CPU = Debug|Any CPU
		Release|Any CPU = Release|Any CPU
	EndGlobalSection
	GlobalSection(ProjectConfigurationPlatforms) = postSolution
		{0C81E792-6F48-4E8B-99E1-81B534DA674F}.Debug|Any CPU.ActiveCfg = Debug|Any CPU
		{0C81E792-6F48-4E8B-99E1-81B534DA674F}.Debug|Any CPU.Build.0 = Debug|Any CPU
		{0C81E792-6F48-4E8B-99E1-81B534DA674F}.Release|Any CPU.ActiveCfg = Release|Any CPU
		{0C81E792-6F48-4E8B-99E1-81B534DA674F}.Release|Any CPU.Build.0 = Release|Any CPU
	EndGlobalSection
	GlobalSection(SolutionProperties) = preSolution
		HideSolutionNode = FALSE
	EndGlobalSection
	GlobalSection(ExtensibilityGlobals) = postSolution
		SolutionGuid = {B0750C27-9786-4575-9985-2877D3467190}
	EndGlobalSection
EndGlobal
